// !$*UTF8*$!
{
	archiveVersion = 1;
	classes = {
	};
	objectVersion = 56;
	objects = {

/* Begin PBXBuildFile section */
		308F09142ACE30C400D9D3DC /* AlbumSearchPlaceholderView.swift in Sources */ = {isa = PBXBuildFile; fileRef = 308F09132ACE30C400D9D3DC /* AlbumSearchPlaceholderView.swift */; };
		308F09162ACE310600D9D3DC /* SongSearchPlaceholderView.swift in Sources */ = {isa = PBXBuildFile; fileRef = 308F09152ACE310600D9D3DC /* SongSearchPlaceholderView.swift */; };
		308F09182ACE313200D9D3DC /* MovieSearchPlaceholderView.swift in Sources */ = {isa = PBXBuildFile; fileRef = 308F09172ACE313100D9D3DC /* MovieSearchPlaceholderView.swift */; };
		30EC4A402ACC54AD00B86184 /* iTunesSearchAppApp.swift in Sources */ = {isa = PBXBuildFile; fileRef = 30EC4A3F2ACC54AD00B86184 /* iTunesSearchAppApp.swift */; };
		30EC4A422ACC54AD00B86184 /* ContentView.swift in Sources */ = {isa = PBXBuildFile; fileRef = 30EC4A412ACC54AD00B86184 /* ContentView.swift */; };
		30EC4A442ACC54AE00B86184 /* Assets.xcassets in Resources */ = {isa = PBXBuildFile; fileRef = 30EC4A432ACC54AE00B86184 /* Assets.xcassets */; };
		30EC4A472ACC54AE00B86184 /* Preview Assets.xcassets in Resources */ = {isa = PBXBuildFile; fileRef = 30EC4A462ACC54AE00B86184 /* Preview Assets.xcassets */; };
		30EC4A512ACC54EB00B86184 /* Album.swift in Sources */ = {isa = PBXBuildFile; fileRef = 30EC4A502ACC54EB00B86184 /* Album.swift */; };
		30EC4A532ACC550400B86184 /* AlbumListViewModel.swift in Sources */ = {isa = PBXBuildFile; fileRef = 30EC4A522ACC550400B86184 /* AlbumListViewModel.swift */; };
		30EC4A552ACC570900B86184 /* Song.swift in Sources */ = {isa = PBXBuildFile; fileRef = 30EC4A542ACC570900B86184 /* Song.swift */; };
		30EC4A572ACC570F00B86184 /* Movie.swift in Sources */ = {isa = PBXBuildFile; fileRef = 30EC4A562ACC570F00B86184 /* Movie.swift */; };
		30EC4A592ACC58EC00B86184 /* AlbumListView.swift in Sources */ = {isa = PBXBuildFile; fileRef = 30EC4A582ACC58EC00B86184 /* AlbumListView.swift */; };
		30EC4A5B2ACC6CF500B86184 /* AlbumSearchView.swift in Sources */ = {isa = PBXBuildFile; fileRef = 30EC4A5A2ACC6CF500B86184 /* AlbumSearchView.swift */; };
		30EC4A5D2ACCF18F00B86184 /* APIError.swift in Sources */ = {isa = PBXBuildFile; fileRef = 30EC4A5C2ACCF18F00B86184 /* APIError.swift */; };
		30EC4A5F2ACCF9E200B86184 /* APIService.swift in Sources */ = {isa = PBXBuildFile; fileRef = 30EC4A5E2ACCF9E200B86184 /* APIService.swift */; };
		30EC4A612ACCFC6A00B86184 /* SongListViewModel.swift in Sources */ = {isa = PBXBuildFile; fileRef = 30EC4A602ACCFC6A00B86184 /* SongListViewModel.swift */; };
		30EC4A632ACCFC8E00B86184 /* FetchState.swift in Sources */ = {isa = PBXBuildFile; fileRef = 30EC4A622ACCFC8E00B86184 /* FetchState.swift */; };
		30EC4A652ACCFD7400B86184 /* MovieListViewModel.swift in Sources */ = {isa = PBXBuildFile; fileRef = 30EC4A642ACCFD7400B86184 /* MovieListViewModel.swift */; };
		30EC4A6A2ACCFE0300B86184 /* MovieListView.swift in Sources */ = {isa = PBXBuildFile; fileRef = 30EC4A692ACCFE0300B86184 /* MovieListView.swift */; };
		30EC4A6C2ACCFE4B00B86184 /* MovieSearchView.swift in Sources */ = {isa = PBXBuildFile; fileRef = 30EC4A6B2ACCFE4B00B86184 /* MovieSearchView.swift */; };
		30EC4A6F2ACD053100B86184 /* SearchView.swift in Sources */ = {isa = PBXBuildFile; fileRef = 30EC4A6E2ACD053100B86184 /* SearchView.swift */; };
		30EC4A712ACD05B500B86184 /* EntityType.swift in Sources */ = {isa = PBXBuildFile; fileRef = 30EC4A702ACD05B500B86184 /* EntityType.swift */; };
		30EC4A732ACD07D300B86184 /* SearchAllListView.swift in Sources */ = {isa = PBXBuildFile; fileRef = 30EC4A722ACD07D300B86184 /* SearchAllListView.swift */; };
		30EC4A772ACD092000B86184 /* SongSearchView.swift in Sources */ = {isa = PBXBuildFile; fileRef = 30EC4A762ACD092000B86184 /* SongSearchView.swift */; };
		30EC4A792ACD093300B86184 /* SongListView.swift in Sources */ = {isa = PBXBuildFile; fileRef = 30EC4A782ACD093300B86184 /* SongListView.swift */; };
		30EC4A7B2ACD0A6000B86184 /* SearchPlaceholderView.swift in Sources */ = {isa = PBXBuildFile; fileRef = 30EC4A7A2ACD0A6000B86184 /* SearchPlaceholderView.swift */; };
		30EC4A7D2ACD20C300B86184 /* SongRowView.swift in Sources */ = {isa = PBXBuildFile; fileRef = 30EC4A7C2ACD20C300B86184 /* SongRowView.swift */; };
		30EC4A802ACD219F00B86184 /* BuyButtonStyle.swift in Sources */ = {isa = PBXBuildFile; fileRef = 30EC4A7F2ACD219F00B86184 /* BuyButtonStyle.swift */; };
		30EC4A822ACD2DCE00B86184 /* AlbumRowView.swift in Sources */ = {isa = PBXBuildFile; fileRef = 30EC4A812ACD2DCE00B86184 /* AlbumRowView.swift */; };
		30EC4A842ACD343000B86184 /* MovieRowView.swift in Sources */ = {isa = PBXBuildFile; fileRef = 30EC4A832ACD343000B86184 /* MovieRowView.swift */; };
		30EC4A872ACD35A400B86184 /* ImageLoadingView.swift in Sources */ = {isa = PBXBuildFile; fileRef = 30EC4A862ACD35A400B86184 /* ImageLoadingView.swift */; };
		30EC4A892ACD376100B86184 /* AlbumSectionView.swift in Sources */ = {isa = PBXBuildFile; fileRef = 30EC4A882ACD376100B86184 /* AlbumSectionView.swift */; };
		30EC4A8B2ACD376900B86184 /* SongSectionView.swift in Sources */ = {isa = PBXBuildFile; fileRef = 30EC4A8A2ACD376900B86184 /* SongSectionView.swift */; };
		30EC4A8D2ACD377000B86184 /* MovieSectionView.swift in Sources */ = {isa = PBXBuildFile; fileRef = 30EC4A8C2ACD377000B86184 /* MovieSectionView.swift */; };
		30EC4A8F2ACD63CA00B86184 /* AlbumDetailView.swift in Sources */ = {isa = PBXBuildFile; fileRef = 30EC4A8E2ACD63CA00B86184 /* AlbumDetailView.swift */; };
		30EC4A912ACD67F700B86184 /* SongsForAlbumListViewModel.swift in Sources */ = {isa = PBXBuildFile; fileRef = 30EC4A902ACD67F700B86184 /* SongsForAlbumListViewModel.swift */; };
		30EC4A932ACD6A8300B86184 /* SongsForAlbumListView.swift in Sources */ = {isa = PBXBuildFile; fileRef = 30EC4A922ACD6A8300B86184 /* SongsForAlbumListView.swift */; };
/* End PBXBuildFile section */

/* Begin PBXFileReference section */
		308F09132ACE30C400D9D3DC /* AlbumSearchPlaceholderView.swift */ = {isa = PBXFileReference; lastKnownFileType = sourcecode.swift; path = AlbumSearchPlaceholderView.swift; sourceTree = "<group>"; };
		308F09152ACE310600D9D3DC /* SongSearchPlaceholderView.swift */ = {isa = PBXFileReference; lastKnownFileType = sourcecode.swift; path = SongSearchPlaceholderView.swift; sourceTree = "<group>"; };
		308F09172ACE313100D9D3DC /* MovieSearchPlaceholderView.swift */ = {isa = PBXFileReference; lastKnownFileType = sourcecode.swift; path = MovieSearchPlaceholderView.swift; sourceTree = "<group>"; };
		30EC4A3C2ACC54AD00B86184 /* iTunesSearchApp.app */ = {isa = PBXFileReference; explicitFileType = wrapper.application; includeInIndex = 0; path = iTunesSearchApp.app; sourceTree = BUILT_PRODUCTS_DIR; };
		30EC4A3F2ACC54AD00B86184 /* iTunesSearchAppApp.swift */ = {isa = PBXFileReference; lastKnownFileType = sourcecode.swift; path = iTunesSearchAppApp.swift; sourceTree = "<group>"; };
		30EC4A412ACC54AD00B86184 /* ContentView.swift */ = {isa = PBXFileReference; lastKnownFileType = sourcecode.swift; path = ContentView.swift; sourceTree = "<group>"; };
		30EC4A432ACC54AE00B86184 /* Assets.xcassets */ = {isa = PBXFileReference; lastKnownFileType = folder.assetcatalog; path = Assets.xcassets; sourceTree = "<group>"; };
		30EC4A462ACC54AE00B86184 /* Preview Assets.xcassets */ = {isa = PBXFileReference; lastKnownFileType = folder.assetcatalog; path = "Preview Assets.xcassets"; sourceTree = "<group>"; };
		30EC4A502ACC54EB00B86184 /* Album.swift */ = {isa = PBXFileReference; lastKnownFileType = sourcecode.swift; path = Album.swift; sourceTree = "<group>"; };
		30EC4A522ACC550400B86184 /* AlbumListViewModel.swift */ = {isa = PBXFileReference; lastKnownFileType = sourcecode.swift; path = AlbumListViewModel.swift; sourceTree = "<group>"; };
		30EC4A542ACC570900B86184 /* Song.swift */ = {isa = PBXFileReference; lastKnownFileType = sourcecode.swift; path = Song.swift; sourceTree = "<group>"; };
		30EC4A562ACC570F00B86184 /* Movie.swift */ = {isa = PBXFileReference; lastKnownFileType = sourcecode.swift; path = Movie.swift; sourceTree = "<group>"; };
		30EC4A582ACC58EC00B86184 /* AlbumListView.swift */ = {isa = PBXFileReference; lastKnownFileType = sourcecode.swift; path = AlbumListView.swift; sourceTree = "<group>"; };
		30EC4A5A2ACC6CF500B86184 /* AlbumSearchView.swift */ = {isa = PBXFileReference; lastKnownFileType = sourcecode.swift; path = AlbumSearchView.swift; sourceTree = "<group>"; };
		30EC4A5C2ACCF18F00B86184 /* APIError.swift */ = {isa = PBXFileReference; lastKnownFileType = sourcecode.swift; path = APIError.swift; sourceTree = "<group>"; };
		30EC4A5E2ACCF9E200B86184 /* APIService.swift */ = {isa = PBXFileReference; lastKnownFileType = sourcecode.swift; path = APIService.swift; sourceTree = "<group>"; };
		30EC4A602ACCFC6A00B86184 /* SongListViewModel.swift */ = {isa = PBXFileReference; lastKnownFileType = sourcecode.swift; path = SongListViewModel.swift; sourceTree = "<group>"; };
		30EC4A622ACCFC8E00B86184 /* FetchState.swift */ = {isa = PBXFileReference; lastKnownFileType = sourcecode.swift; path = FetchState.swift; sourceTree = "<group>"; };
		30EC4A642ACCFD7400B86184 /* MovieListViewModel.swift */ = {isa = PBXFileReference; lastKnownFileType = sourcecode.swift; path = MovieListViewModel.swift; sourceTree = "<group>"; };
		30EC4A692ACCFE0300B86184 /* MovieListView.swift */ = {isa = PBXFileReference; lastKnownFileType = sourcecode.swift; path = MovieListView.swift; sourceTree = "<group>"; };
		30EC4A6B2ACCFE4B00B86184 /* MovieSearchView.swift */ = {isa = PBXFileReference; lastKnownFileType = sourcecode.swift; path = MovieSearchView.swift; sourceTree = "<group>"; };
		30EC4A6E2ACD053100B86184 /* SearchView.swift */ = {isa = PBXFileReference; lastKnownFileType = sourcecode.swift; path = SearchView.swift; sourceTree = "<group>"; };
		30EC4A702ACD05B500B86184 /* EntityType.swift */ = {isa = PBXFileReference; lastKnownFileType = sourcecode.swift; path = EntityType.swift; sourceTree = "<group>"; };
		30EC4A722ACD07D300B86184 /* SearchAllListView.swift */ = {isa = PBXFileReference; lastKnownFileType = sourcecode.swift; path = SearchAllListView.swift; sourceTree = "<group>"; };
		30EC4A762ACD092000B86184 /* SongSearchView.swift */ = {isa = PBXFileReference; lastKnownFileType = sourcecode.swift; path = SongSearchView.swift; sourceTree = "<group>"; };
		30EC4A782ACD093300B86184 /* SongListView.swift */ = {isa = PBXFileReference; lastKnownFileType = sourcecode.swift; path = SongListView.swift; sourceTree = "<group>"; };
		30EC4A7A2ACD0A6000B86184 /* SearchPlaceholderView.swift */ = {isa = PBXFileReference; lastKnownFileType = sourcecode.swift; path = SearchPlaceholderView.swift; sourceTree = "<group>"; };
		30EC4A7C2ACD20C300B86184 /* SongRowView.swift */ = {isa = PBXFileReference; lastKnownFileType = sourcecode.swift; path = SongRowView.swift; sourceTree = "<group>"; };
		30EC4A7F2ACD219F00B86184 /* BuyButtonStyle.swift */ = {isa = PBXFileReference; lastKnownFileType = sourcecode.swift; path = BuyButtonStyle.swift; sourceTree = "<group>"; };
		30EC4A812ACD2DCE00B86184 /* AlbumRowView.swift */ = {isa = PBXFileReference; lastKnownFileType = sourcecode.swift; path = AlbumRowView.swift; sourceTree = "<group>"; };
		30EC4A832ACD343000B86184 /* MovieRowView.swift */ = {isa = PBXFileReference; lastKnownFileType = sourcecode.swift; path = MovieRowView.swift; sourceTree = "<group>"; };
		30EC4A862ACD35A400B86184 /* ImageLoadingView.swift */ = {isa = PBXFileReference; lastKnownFileType = sourcecode.swift; path = ImageLoadingView.swift; sourceTree = "<group>"; };
		30EC4A882ACD376100B86184 /* AlbumSectionView.swift */ = {isa = PBXFileReference; lastKnownFileType = sourcecode.swift; path = AlbumSectionView.swift; sourceTree = "<group>"; };
		30EC4A8A2ACD376900B86184 /* SongSectionView.swift */ = {isa = PBXFileReference; lastKnownFileType = sourcecode.swift; path = SongSectionView.swift; sourceTree = "<group>"; };
		30EC4A8C2ACD377000B86184 /* MovieSectionView.swift */ = {isa = PBXFileReference; lastKnownFileType = sourcecode.swift; path = MovieSectionView.swift; sourceTree = "<group>"; };
		30EC4A8E2ACD63CA00B86184 /* AlbumDetailView.swift */ = {isa = PBXFileReference; lastKnownFileType = sourcecode.swift; path = AlbumDetailView.swift; sourceTree = "<group>"; };
		30EC4A902ACD67F700B86184 /* SongsForAlbumListViewModel.swift */ = {isa = PBXFileReference; lastKnownFileType = sourcecode.swift; path = SongsForAlbumListViewModel.swift; sourceTree = "<group>"; };
		30EC4A922ACD6A8300B86184 /* SongsForAlbumListView.swift */ = {isa = PBXFileReference; lastKnownFileType = sourcecode.swift; path = SongsForAlbumListView.swift; sourceTree = "<group>"; };
/* End PBXFileReference section */

/* Begin PBXFrameworksBuildPhase section */
		30EC4A392ACC54AD00B86184 /* Frameworks */ = {
			isa = PBXFrameworksBuildPhase;
			buildActionMask = 2147483647;
			files = (
			);
			runOnlyForDeploymentPostprocessing = 0;
		};
/* End PBXFrameworksBuildPhase section */

/* Begin PBXGroup section */
		30EC4A332ACC54AD00B86184 = {
			isa = PBXGroup;
			children = (
				30EC4A3E2ACC54AD00B86184 /* iTunesSearchApp */,
				30EC4A3D2ACC54AD00B86184 /* Products */,
			);
			sourceTree = "<group>";
		};
		30EC4A3D2ACC54AD00B86184 /* Products */ = {
			isa = PBXGroup;
			children = (
				30EC4A3C2ACC54AD00B86184 /* iTunesSearchApp.app */,
			);
			name = Products;
			sourceTree = "<group>";
		};
		30EC4A3E2ACC54AD00B86184 /* iTunesSearchApp */ = {
			isa = PBXGroup;
			children = (
				30EC4A3F2ACC54AD00B86184 /* iTunesSearchAppApp.swift */,
				30EC4A412ACC54AD00B86184 /* ContentView.swift */,
				30EC4A4D2ACC54BB00B86184 /* Views */,
				30EC4A4E2ACC54C300B86184 /* ViewModels */,
				30EC4A4F2ACC54D500B86184 /* Models */,
				30EC4A432ACC54AE00B86184 /* Assets.xcassets */,
				30EC4A7E2ACD219000B86184 /* Styling */,
				30EC4A452ACC54AE00B86184 /* Preview Content */,
			);
			path = iTunesSearchApp;
			sourceTree = "<group>";
		};
		30EC4A452ACC54AE00B86184 /* Preview Content */ = {
			isa = PBXGroup;
			children = (
				30EC4A462ACC54AE00B86184 /* Preview Assets.xcassets */,
			);
			path = "Preview Content";
			sourceTree = "<group>";
		};
		30EC4A4D2ACC54BB00B86184 /* Views */ = {
			isa = PBXGroup;
			children = (
				30EC4A852ACD359700B86184 /* Common */,
				30EC4A6D2ACD052000B86184 /* Search */,
				30EC4A662ACCFDD000B86184 /* Album */,
				30EC4A672ACCFDD700B86184 /* Song */,
				30EC4A682ACCFDE300B86184 /* Movie */,
			);
			path = Views;
			sourceTree = "<group>";
		};
		30EC4A4E2ACC54C300B86184 /* ViewModels */ = {
			isa = PBXGroup;
			children = (
				30EC4A5E2ACCF9E200B86184 /* APIService.swift */,
				30EC4A522ACC550400B86184 /* AlbumListViewModel.swift */,
				30EC4A602ACCFC6A00B86184 /* SongListViewModel.swift */,
				30EC4A642ACCFD7400B86184 /* MovieListViewModel.swift */,
				30EC4A902ACD67F700B86184 /* SongsForAlbumListViewModel.swift */,
				30EC4A702ACD05B500B86184 /* EntityType.swift */,
			);
			path = ViewModels;
			sourceTree = "<group>";
		};
		30EC4A4F2ACC54D500B86184 /* Models */ = {
			isa = PBXGroup;
			children = (
				30EC4A502ACC54EB00B86184 /* Album.swift */,
				30EC4A542ACC570900B86184 /* Song.swift */,
				30EC4A562ACC570F00B86184 /* Movie.swift */,
				30EC4A5C2ACCF18F00B86184 /* APIError.swift */,
				30EC4A622ACCFC8E00B86184 /* FetchState.swift */,
			);
			path = Models;
			sourceTree = "<group>";
		};
		30EC4A662ACCFDD000B86184 /* Album */ = {
			isa = PBXGroup;
			children = (
				30EC4A582ACC58EC00B86184 /* AlbumListView.swift */,
				30EC4A5A2ACC6CF500B86184 /* AlbumSearchView.swift */,
				30EC4A812ACD2DCE00B86184 /* AlbumRowView.swift */,
				30EC4A882ACD376100B86184 /* AlbumSectionView.swift */,
				30EC4A8E2ACD63CA00B86184 /* AlbumDetailView.swift */,
				30EC4A922ACD6A8300B86184 /* SongsForAlbumListView.swift */,
				308F09132ACE30C400D9D3DC /* AlbumSearchPlaceholderView.swift */,
			);
			path = Album;
			sourceTree = "<group>";
		};
		30EC4A672ACCFDD700B86184 /* Song */ = {
			isa = PBXGroup;
			children = (
				30EC4A782ACD093300B86184 /* SongListView.swift */,
				30EC4A762ACD092000B86184 /* SongSearchView.swift */,
				30EC4A7C2ACD20C300B86184 /* SongRowView.swift */,
				30EC4A8A2ACD376900B86184 /* SongSectionView.swift */,
				308F09152ACE310600D9D3DC /* SongSearchPlaceholderView.swift */,
			);
			path = Song;
			sourceTree = "<group>";
		};
		30EC4A682ACCFDE300B86184 /* Movie */ = {
			isa = PBXGroup;
			children = (
				30EC4A692ACCFE0300B86184 /* MovieListView.swift */,
				30EC4A6B2ACCFE4B00B86184 /* MovieSearchView.swift */,
				30EC4A832ACD343000B86184 /* MovieRowView.swift */,
				30EC4A8C2ACD377000B86184 /* MovieSectionView.swift */,
				308F09172ACE313100D9D3DC /* MovieSearchPlaceholderView.swift */,
			);
			path = Movie;
			sourceTree = "<group>";
		};
		30EC4A6D2ACD052000B86184 /* Search */ = {
			isa = PBXGroup;
			children = (
				30EC4A6E2ACD053100B86184 /* SearchView.swift */,
				30EC4A722ACD07D300B86184 /* SearchAllListView.swift */,
				30EC4A7A2ACD0A6000B86184 /* SearchPlaceholderView.swift */,
			);
			path = Search;
			sourceTree = "<group>";
		};
		30EC4A7E2ACD219000B86184 /* Styling */ = {
			isa = PBXGroup;
			children = (
				30EC4A7F2ACD219F00B86184 /* BuyButtonStyle.swift */,
			);
			path = Styling;
			sourceTree = "<group>";
		};
		30EC4A852ACD359700B86184 /* Common */ = {
			isa = PBXGroup;
			children = (
				30EC4A862ACD35A400B86184 /* ImageLoadingView.swift */,
			);
			path = Common;
			sourceTree = "<group>";
		};
/* End PBXGroup section */

/* Begin PBXNativeTarget section */
		30EC4A3B2ACC54AD00B86184 /* iTunesSearchApp */ = {
			isa = PBXNativeTarget;
			buildConfigurationList = 30EC4A4A2ACC54AE00B86184 /* Build configuration list for PBXNativeTarget "iTunesSearchApp" */;
			buildPhases = (
				30EC4A382ACC54AD00B86184 /* Sources */,
				30EC4A392ACC54AD00B86184 /* Frameworks */,
				30EC4A3A2ACC54AD00B86184 /* Resources */,
			);
			buildRules = (
			);
			dependencies = (
			);
			name = iTunesSearchApp;
			productName = iTunesSearchApp;
			productReference = 30EC4A3C2ACC54AD00B86184 /* iTunesSearchApp.app */;
			productType = "com.apple.product-type.application";
		};
/* End PBXNativeTarget section */

/* Begin PBXProject section */
		30EC4A342ACC54AD00B86184 /* Project object */ = {
			isa = PBXProject;
			attributes = {
				BuildIndependentTargetsInParallel = 1;
				LastSwiftUpdateCheck = 1500;
				LastUpgradeCheck = 1500;
				TargetAttributes = {
					30EC4A3B2ACC54AD00B86184 = {
						CreatedOnToolsVersion = 15.0;
					};
				};
			};
			buildConfigurationList = 30EC4A372ACC54AD00B86184 /* Build configuration list for PBXProject "iTunesSearchApp" */;
			compatibilityVersion = "Xcode 14.0";
			developmentRegion = en;
			hasScannedForEncodings = 0;
			knownRegions = (
				en,
				Base,
			);
			mainGroup = 30EC4A332ACC54AD00B86184;
			productRefGroup = 30EC4A3D2ACC54AD00B86184 /* Products */;
			projectDirPath = "";
			projectRoot = "";
			targets = (
				30EC4A3B2ACC54AD00B86184 /* iTunesSearchApp */,
			);
		};
/* End PBXProject section */

/* Begin PBXResourcesBuildPhase section */
		30EC4A3A2ACC54AD00B86184 /* Resources */ = {
			isa = PBXResourcesBuildPhase;
			buildActionMask = 2147483647;
			files = (
				30EC4A472ACC54AE00B86184 /* Preview Assets.xcassets in Resources */,
				30EC4A442ACC54AE00B86184 /* Assets.xcassets in Resources */,
			);
			runOnlyForDeploymentPostprocessing = 0;
		};
/* End PBXResourcesBuildPhase section */

/* Begin PBXSourcesBuildPhase section */
		30EC4A382ACC54AD00B86184 /* Sources */ = {
			isa = PBXSourcesBuildPhase;
			buildActionMask = 2147483647;
			files = (
				30EC4A732ACD07D300B86184 /* SearchAllListView.swift in Sources */,
				30EC4A6C2ACCFE4B00B86184 /* MovieSearchView.swift in Sources */,
				30EC4A532ACC550400B86184 /* AlbumListViewModel.swift in Sources */,
				30EC4A6A2ACCFE0300B86184 /* MovieListView.swift in Sources */,
				30EC4A422ACC54AD00B86184 /* ContentView.swift in Sources */,
				30EC4A632ACCFC8E00B86184 /* FetchState.swift in Sources */,
				30EC4A7B2ACD0A6000B86184 /* SearchPlaceholderView.swift in Sources */,
				30EC4A842ACD343000B86184 /* MovieRowView.swift in Sources */,
				30EC4A712ACD05B500B86184 /* EntityType.swift in Sources */,
				30EC4A612ACCFC6A00B86184 /* SongListViewModel.swift in Sources */,
				30EC4A8D2ACD377000B86184 /* MovieSectionView.swift in Sources */,
				30EC4A5B2ACC6CF500B86184 /* AlbumSearchView.swift in Sources */,
				30EC4A792ACD093300B86184 /* SongListView.swift in Sources */,
				30EC4A652ACCFD7400B86184 /* MovieListViewModel.swift in Sources */,
				30EC4A872ACD35A400B86184 /* ImageLoadingView.swift in Sources */,
				30EC4A932ACD6A8300B86184 /* SongsForAlbumListView.swift in Sources */,
				30EC4A7D2ACD20C300B86184 /* SongRowView.swift in Sources */,
				30EC4A892ACD376100B86184 /* AlbumSectionView.swift in Sources */,
				30EC4A772ACD092000B86184 /* SongSearchView.swift in Sources */,
				30EC4A802ACD219F00B86184 /* BuyButtonStyle.swift in Sources */,
				30EC4A572ACC570F00B86184 /* Movie.swift in Sources */,
				308F09182ACE313200D9D3DC /* MovieSearchPlaceholderView.swift in Sources */,
				30EC4A912ACD67F700B86184 /* SongsForAlbumListViewModel.swift in Sources */,
				30EC4A402ACC54AD00B86184 /* iTunesSearchAppApp.swift in Sources */,
				30EC4A822ACD2DCE00B86184 /* AlbumRowView.swift in Sources */,
				30EC4A512ACC54EB00B86184 /* Album.swift in Sources */,
				30EC4A5F2ACCF9E200B86184 /* APIService.swift in Sources */,
				30EC4A6F2ACD053100B86184 /* SearchView.swift in Sources */,
				308F09162ACE310600D9D3DC /* SongSearchPlaceholderView.swift in Sources */,
				30EC4A8F2ACD63CA00B86184 /* AlbumDetailView.swift in Sources */,
				30EC4A552ACC570900B86184 /* Song.swift in Sources */,
				30EC4A592ACC58EC00B86184 /* AlbumListView.swift in Sources */,
				308F09142ACE30C400D9D3DC /* AlbumSearchPlaceholderView.swift in Sources */,
				30EC4A5D2ACCF18F00B86184 /* APIError.swift in Sources */,
				30EC4A8B2ACD376900B86184 /* SongSectionView.swift in Sources */,
			);
			runOnlyForDeploymentPostprocessing = 0;
		};
/* End PBXSourcesBuildPhase section */

/* Begin XCBuildConfiguration section */
		30EC4A482ACC54AE00B86184 /* Debug */ = {
			isa = XCBuildConfiguration;
			buildSettings = {
				ALWAYS_SEARCH_USER_PATHS = NO;
				ASSETCATALOG_COMPILER_GENERATE_SWIFT_ASSET_SYMBOL_EXTENSIONS = YES;
				CLANG_ANALYZER_NONNULL = YES;
				CLANG_ANALYZER_NUMBER_OBJECT_CONVERSION = YES_AGGRESSIVE;
				CLANG_CXX_LANGUAGE_STANDARD = "gnu++20";
				CLANG_ENABLE_MODULES = YES;
				CLANG_ENABLE_OBJC_ARC = YES;
				CLANG_ENABLE_OBJC_WEAK = YES;
				CLANG_WARN_BLOCK_CAPTURE_AUTORELEASING = YES;
				CLANG_WARN_BOOL_CONVERSION = YES;
				CLANG_WARN_COMMA = YES;
				CLANG_WARN_CONSTANT_CONVERSION = YES;
				CLANG_WARN_DEPRECATED_OBJC_IMPLEMENTATIONS = YES;
				CLANG_WARN_DIRECT_OBJC_ISA_USAGE = YES_ERROR;
				CLANG_WARN_DOCUMENTATION_COMMENTS = YES;
				CLANG_WARN_EMPTY_BODY = YES;
				CLANG_WARN_ENUM_CONVERSION = YES;
				CLANG_WARN_INFINITE_RECURSION = YES;
				CLANG_WARN_INT_CONVERSION = YES;
				CLANG_WARN_NON_LITERAL_NULL_CONVERSION = YES;
				CLANG_WARN_OBJC_IMPLICIT_RETAIN_SELF = YES;
				CLANG_WARN_OBJC_LITERAL_CONVERSION = YES;
				CLANG_WARN_OBJC_ROOT_CLASS = YES_ERROR;
				CLANG_WARN_QUOTED_INCLUDE_IN_FRAMEWORK_HEADER = YES;
				CLANG_WARN_RANGE_LOOP_ANALYSIS = YES;
				CLANG_WARN_STRICT_PROTOTYPES = YES;
				CLANG_WARN_SUSPICIOUS_MOVE = YES;
				CLANG_WARN_UNGUARDED_AVAILABILITY = YES_AGGRESSIVE;
				CLANG_WARN_UNREACHABLE_CODE = YES;
				CLANG_WARN__DUPLICATE_METHOD_MATCH = YES;
				COPY_PHASE_STRIP = NO;
				DEBUG_INFORMATION_FORMAT = dwarf;
				ENABLE_STRICT_OBJC_MSGSEND = YES;
				ENABLE_TESTABILITY = YES;
				ENABLE_USER_SCRIPT_SANDBOXING = YES;
				GCC_C_LANGUAGE_STANDARD = gnu17;
				GCC_DYNAMIC_NO_PIC = NO;
				GCC_NO_COMMON_BLOCKS = YES;
				GCC_OPTIMIZATION_LEVEL = 0;
				GCC_PREPROCESSOR_DEFINITIONS = (
					"DEBUG=1",
					"$(inherited)",
				);
				GCC_WARN_64_TO_32_BIT_CONVERSION = YES;
				GCC_WARN_ABOUT_RETURN_TYPE = YES_ERROR;
				GCC_WARN_UNDECLARED_SELECTOR = YES;
				GCC_WARN_UNINITIALIZED_AUTOS = YES_AGGRESSIVE;
				GCC_WARN_UNUSED_FUNCTION = YES;
				GCC_WARN_UNUSED_VARIABLE = YES;
				IPHONEOS_DEPLOYMENT_TARGET = 17.0;
				LOCALIZATION_PREFERS_STRING_CATALOGS = YES;
				MTL_ENABLE_DEBUG_INFO = INCLUDE_SOURCE;
				MTL_FAST_MATH = YES;
				ONLY_ACTIVE_ARCH = YES;
				SDKROOT = iphoneos;
				SWIFT_ACTIVE_COMPILATION_CONDITIONS = "DEBUG $(inherited)";
				SWIFT_OPTIMIZATION_LEVEL = "-Onone";
			};
			name = Debug;
		};
		30EC4A492ACC54AE00B86184 /* Release */ = {
			isa = XCBuildConfiguration;
			buildSettings = {
				ALWAYS_SEARCH_USER_PATHS = NO;
				ASSETCATALOG_COMPILER_GENERATE_SWIFT_ASSET_SYMBOL_EXTENSIONS = YES;
				CLANG_ANALYZER_NONNULL = YES;
				CLANG_ANALYZER_NUMBER_OBJECT_CONVERSION = YES_AGGRESSIVE;
				CLANG_CXX_LANGUAGE_STANDARD = "gnu++20";
				CLANG_ENABLE_MODULES = YES;
				CLANG_ENABLE_OBJC_ARC = YES;
				CLANG_ENABLE_OBJC_WEAK = YES;
				CLANG_WARN_BLOCK_CAPTURE_AUTORELEASING = YES;
				CLANG_WARN_BOOL_CONVERSION = YES;
				CLANG_WARN_COMMA = YES;
				CLANG_WARN_CONSTANT_CONVERSION = YES;
				CLANG_WARN_DEPRECATED_OBJC_IMPLEMENTATIONS = YES;
				CLANG_WARN_DIRECT_OBJC_ISA_USAGE = YES_ERROR;
				CLANG_WARN_DOCUMENTATION_COMMENTS = YES;
				CLANG_WARN_EMPTY_BODY = YES;
				CLANG_WARN_ENUM_CONVERSION = YES;
				CLANG_WARN_INFINITE_RECURSION = YES;
				CLANG_WARN_INT_CONVERSION = YES;
				CLANG_WARN_NON_LITERAL_NULL_CONVERSION = YES;
				CLANG_WARN_OBJC_IMPLICIT_RETAIN_SELF = YES;
				CLANG_WARN_OBJC_LITERAL_CONVERSION = YES;
				CLANG_WARN_OBJC_ROOT_CLASS = YES_ERROR;
				CLANG_WARN_QUOTED_INCLUDE_IN_FRAMEWORK_HEADER = YES;
				CLANG_WARN_RANGE_LOOP_ANALYSIS = YES;
				CLANG_WARN_STRICT_PROTOTYPES = YES;
				CLANG_WARN_SUSPICIOUS_MOVE = YES;
				CLANG_WARN_UNGUARDED_AVAILABILITY = YES_AGGRESSIVE;
				CLANG_WARN_UNREACHABLE_CODE = YES;
				CLANG_WARN__DUPLICATE_METHOD_MATCH = YES;
				COPY_PHASE_STRIP = NO;
				DEBUG_INFORMATION_FORMAT = "dwarf-with-dsym";
				ENABLE_NS_ASSERTIONS = NO;
				ENABLE_STRICT_OBJC_MSGSEND = YES;
				ENABLE_USER_SCRIPT_SANDBOXING = YES;
				GCC_C_LANGUAGE_STANDARD = gnu17;
				GCC_NO_COMMON_BLOCKS = YES;
				GCC_WARN_64_TO_32_BIT_CONVERSION = YES;
				GCC_WARN_ABOUT_RETURN_TYPE = YES_ERROR;
				GCC_WARN_UNDECLARED_SELECTOR = YES;
				GCC_WARN_UNINITIALIZED_AUTOS = YES_AGGRESSIVE;
				GCC_WARN_UNUSED_FUNCTION = YES;
				GCC_WARN_UNUSED_VARIABLE = YES;
				IPHONEOS_DEPLOYMENT_TARGET = 17.0;
				LOCALIZATION_PREFERS_STRING_CATALOGS = YES;
				MTL_ENABLE_DEBUG_INFO = NO;
				MTL_FAST_MATH = YES;
				SDKROOT = iphoneos;
				SWIFT_COMPILATION_MODE = wholemodule;
				VALIDATE_PRODUCT = YES;
			};
			name = Release;
		};
		30EC4A4B2ACC54AE00B86184 /* Debug */ = {
			isa = XCBuildConfiguration;
			buildSettings = {
				ASSETCATALOG_COMPILER_APPICON_NAME = AppIcon;
				ASSETCATALOG_COMPILER_GLOBAL_ACCENT_COLOR_NAME = AccentColor;
				CODE_SIGN_STYLE = Automatic;
				CURRENT_PROJECT_VERSION = 1;
				DEVELOPMENT_ASSET_PATHS = "\"iTunesSearchApp/Preview Content\"";
				DEVELOPMENT_TEAM = STTU8GP685;
				ENABLE_PREVIEWS = YES;
				GENERATE_INFOPLIST_FILE = YES;
				INFOPLIST_KEY_UIApplicationSceneManifest_Generation = YES;
				INFOPLIST_KEY_UIApplicationSupportsIndirectInputEvents = YES;
				INFOPLIST_KEY_UILaunchScreen_Generation = YES;
				INFOPLIST_KEY_UISupportedInterfaceOrientations_iPad = "UIInterfaceOrientationPortrait UIInterfaceOrientationPortraitUpsideDown UIInterfaceOrientationLandscapeLeft UIInterfaceOrientationLandscapeRight";
				INFOPLIST_KEY_UISupportedInterfaceOrientations_iPhone = "UIInterfaceOrientationPortrait UIInterfaceOrientationLandscapeLeft UIInterfaceOrientationLandscapeRight";
				IPHONEOS_DEPLOYMENT_TARGET = 17.0;
				LD_RUNPATH_SEARCH_PATHS = (
					"$(inherited)",
					"@executable_path/Frameworks",
				);
				MARKETING_VERSION = 1.0;
				PRODUCT_BUNDLE_IDENTIFIER = com.hiromifujita.iTunesSearchApp;
				PRODUCT_NAME = "$(TARGET_NAME)";
				SWIFT_EMIT_LOC_STRINGS = YES;
				SWIFT_VERSION = 5.0;
				TARGETED_DEVICE_FAMILY = "1,2";
			};
			name = Debug;
		};
		30EC4A4C2ACC54AE00B86184 /* Release */ = {
			isa = XCBuildConfiguration;
			buildSettings = {
				ASSETCATALOG_COMPILER_APPICON_NAME = AppIcon;
				ASSETCATALOG_COMPILER_GLOBAL_ACCENT_COLOR_NAME = AccentColor;
				CODE_SIGN_STYLE = Automatic;
				CURRENT_PROJECT_VERSION = 1;
				DEVELOPMENT_ASSET_PATHS = "\"iTunesSearchApp/Preview Content\"";
				DEVELOPMENT_TEAM = STTU8GP685;
				ENABLE_PREVIEWS = YES;
				GENERATE_INFOPLIST_FILE = YES;
				INFOPLIST_KEY_UIApplicationSceneManifest_Generation = YES;
				INFOPLIST_KEY_UIApplicationSupportsIndirectInputEvents = YES;
				INFOPLIST_KEY_UILaunchScreen_Generation = YES;
				INFOPLIST_KEY_UISupportedInterfaceOrientations_iPad = "UIInterfaceOrientationPortrait UIInterfaceOrientationPortraitUpsideDown UIInterfaceOrientationLandscapeLeft UIInterfaceOrientationLandscapeRight";
				INFOPLIST_KEY_UISupportedInterfaceOrientations_iPhone = "UIInterfaceOrientationPortrait UIInterfaceOrientationLandscapeLeft UIInterfaceOrientationLandscapeRight";
				IPHONEOS_DEPLOYMENT_TARGET = 17.0;
				LD_RUNPATH_SEARCH_PATHS = (
					"$(inherited)",
					"@executable_path/Frameworks",
				);
				MARKETING_VERSION = 1.0;
				PRODUCT_BUNDLE_IDENTIFIER = com.hiromifujita.iTunesSearchApp;
				PRODUCT_NAME = "$(TARGET_NAME)";
				SWIFT_EMIT_LOC_STRINGS = YES;
				SWIFT_VERSION = 5.0;
				TARGETED_DEVICE_FAMILY = "1,2";
			};
			name = Release;
		};
/* End XCBuildConfiguration section */

/* Begin XCConfigurationList section */
		30EC4A372ACC54AD00B86184 /* Build configuration list for PBXProject "iTunesSearchApp" */ = {
			isa = XCConfigurationList;
			buildConfigurations = (
				30EC4A482ACC54AE00B86184 /* Debug */,
				30EC4A492ACC54AE00B86184 /* Release */,
			);
			defaultConfigurationIsVisible = 0;
			defaultConfigurationName = Release;
		};
		30EC4A4A2ACC54AE00B86184 /* Build configuration list for PBXNativeTarget "iTunesSearchApp" */ = {
			isa = XCConfigurationList;
			buildConfigurations = (
				30EC4A4B2ACC54AE00B86184 /* Debug */,
				30EC4A4C2ACC54AE00B86184 /* Release */,
			);
			defaultConfigurationIsVisible = 0;
			defaultConfigurationName = Release;
		};
/* End XCConfigurationList section */
	};
	rootObject = 30EC4A342ACC54AD00B86184 /* Project object */;
}
